// !$*UTF8*$!
{
	archiveVersion = 1;
	classes = {
	};
	objectVersion = 56;
	objects = {

/* Begin PBXBuildFile section */
		7DA0F6772D4BE45A00007D4B /* AppDelegate.swift in Sources */ = {isa = PBXBuildFile; fileRef = 7DA0F6762D4BE45A00007D4B /* AppDelegate.swift */; };
		7DA0F6792D4BE45A00007D4B /* SceneDelegate.swift in Sources */ = {isa = PBXBuildFile; fileRef = 7DA0F6782D4BE45A00007D4B /* SceneDelegate.swift */; };
		7DA0F67B2D4BE45A00007D4B /* ViewController.swift in Sources */ = {isa = PBXBuildFile; fileRef = 7DA0F67A2D4BE45A00007D4B /* ViewController.swift */; };
		7DA0F67E2D4BE45A00007D4B /* Base in Resources */ = {isa = PBXBuildFile; fileRef = 7DA0F67D2D4BE45A00007D4B /* Base */; };
		7DA0F6812D4BE45A00007D4B /* TenentApplication.xcdatamodeld in Sources */ = {isa = PBXBuildFile; fileRef = 7DA0F67F2D4BE45A00007D4B /* TenentApplication.xcdatamodeld */; };
		7DA0F6832D4BE45D00007D4B /* Assets.xcassets in Resources */ = {isa = PBXBuildFile; fileRef = 7DA0F6822D4BE45D00007D4B /* Assets.xcassets */; };
		7DA0F6862D4BE45D00007D4B /* Base in Resources */ = {isa = PBXBuildFile; fileRef = 7DA0F6852D4BE45D00007D4B /* Base */; };
		7DA0F6912D4BE45E00007D4B /* TenentApplicationTests.swift in Sources */ = {isa = PBXBuildFile; fileRef = 7DA0F6902D4BE45E00007D4B /* TenentApplicationTests.swift */; };
		7DA0F69B2D4BE45E00007D4B /* TenentApplicationUITests.swift in Sources */ = {isa = PBXBuildFile; fileRef = 7DA0F69A2D4BE45E00007D4B /* TenentApplicationUITests.swift */; };
		7DA0F69D2D4BE45E00007D4B /* TenentApplicationUITestsLaunchTests.swift in Sources */ = {isa = PBXBuildFile; fileRef = 7DA0F69C2D4BE45E00007D4B /* TenentApplicationUITestsLaunchTests.swift */; };
		7DA0F6AB2D4BE5C500007D4B /* LuluSDK.framework in Frameworks */ = {isa = PBXBuildFile; fileRef = 7DA0F6A92D4BE5AE00007D4B /* LuluSDK.framework */; };
		7DA0F6AC2D4BE5C500007D4B /* LuluSDK.framework in Embed Frameworks */ = {isa = PBXBuildFile; fileRef = 7DA0F6A92D4BE5AE00007D4B /* LuluSDK.framework */; settings = {ATTRIBUTES = (CodeSignOnCopy, RemoveHeadersOnCopy, ); }; };
/* End PBXBuildFile section */

/* Begin PBXContainerItemProxy section */
		7DA0F68D2D4BE45E00007D4B /* PBXContainerItemProxy */ = {
			isa = PBXContainerItemProxy;
			containerPortal = 7DA0F66B2D4BE45A00007D4B /* Project object */;
			proxyType = 1;
			remoteGlobalIDString = 7DA0F6722D4BE45A00007D4B;
			remoteInfo = TenentApplication;
		};
		7DA0F6972D4BE45E00007D4B /* PBXContainerItemProxy */ = {
			isa = PBXContainerItemProxy;
			containerPortal = 7DA0F66B2D4BE45A00007D4B /* Project object */;
			proxyType = 1;
			remoteGlobalIDString = 7DA0F6722D4BE45A00007D4B;
			remoteInfo = TenentApplication;
		};
/* End PBXContainerItemProxy section */

/* Begin PBXCopyFilesBuildPhase section */
		7DA0F6AD2D4BE5C500007D4B /* Embed Frameworks */ = {
			isa = PBXCopyFilesBuildPhase;
			buildActionMask = 2147483647;
			dstPath = "";
			dstSubfolderSpec = 10;
			files = (
				7DA0F6AC2D4BE5C500007D4B /* LuluSDK.framework in Embed Frameworks */,
			);
			name = "Embed Frameworks";
			runOnlyForDeploymentPostprocessing = 0;
		};
/* End PBXCopyFilesBuildPhase section */

/* Begin PBXFileReference section */
		7DA0F6732D4BE45A00007D4B /* TenentApplication.app */ = {isa = PBXFileReference; explicitFileType = wrapper.application; includeInIndex = 0; path = TenentApplication.app; sourceTree = BUILT_PRODUCTS_DIR; };
		7DA0F6762D4BE45A00007D4B /* AppDelegate.swift */ = {isa = PBXFileReference; lastKnownFileType = sourcecode.swift; path = AppDelegate.swift; sourceTree = "<group>"; };
		7DA0F6782D4BE45A00007D4B /* SceneDelegate.swift */ = {isa = PBXFileReference; lastKnownFileType = sourcecode.swift; path = SceneDelegate.swift; sourceTree = "<group>"; };
		7DA0F67A2D4BE45A00007D4B /* ViewController.swift */ = {isa = PBXFileReference; lastKnownFileType = sourcecode.swift; path = ViewController.swift; sourceTree = "<group>"; };
		7DA0F67D2D4BE45A00007D4B /* Base */ = {isa = PBXFileReference; lastKnownFileType = file.storyboard; name = Base; path = Base.lproj/Main.storyboard; sourceTree = "<group>"; };
		7DA0F6802D4BE45A00007D4B /* TenentApplication.xcdatamodel */ = {isa = PBXFileReference; lastKnownFileType = wrapper.xcdatamodel; path = TenentApplication.xcdatamodel; sourceTree = "<group>"; };
		7DA0F6822D4BE45D00007D4B /* Assets.xcassets */ = {isa = PBXFileReference; lastKnownFileType = folder.assetcatalog; path = Assets.xcassets; sourceTree = "<group>"; };
		7DA0F6852D4BE45D00007D4B /* Base */ = {isa = PBXFileReference; lastKnownFileType = file.storyboard; name = Base; path = Base.lproj/LaunchScreen.storyboard; sourceTree = "<group>"; };
		7DA0F6872D4BE45D00007D4B /* Info.plist */ = {isa = PBXFileReference; lastKnownFileType = text.plist.xml; path = Info.plist; sourceTree = "<group>"; };
		7DA0F68C2D4BE45E00007D4B /* TenentApplicationTests.xctest */ = {isa = PBXFileReference; explicitFileType = wrapper.cfbundle; includeInIndex = 0; path = TenentApplicationTests.xctest; sourceTree = BUILT_PRODUCTS_DIR; };
		7DA0F6902D4BE45E00007D4B /* TenentApplicationTests.swift */ = {isa = PBXFileReference; lastKnownFileType = sourcecode.swift; path = TenentApplicationTests.swift; sourceTree = "<group>"; };
		7DA0F6962D4BE45E00007D4B /* TenentApplicationUITests.xctest */ = {isa = PBXFileReference; explicitFileType = wrapper.cfbundle; includeInIndex = 0; path = TenentApplicationUITests.xctest; sourceTree = BUILT_PRODUCTS_DIR; };
		7DA0F69A2D4BE45E00007D4B /* TenentApplicationUITests.swift */ = {isa = PBXFileReference; lastKnownFileType = sourcecode.swift; path = TenentApplicationUITests.swift; sourceTree = "<group>"; };
		7DA0F69C2D4BE45E00007D4B /* TenentApplicationUITestsLaunchTests.swift */ = {isa = PBXFileReference; lastKnownFileType = sourcecode.swift; path = TenentApplicationUITestsLaunchTests.swift; sourceTree = "<group>"; };
		7DA0F6A92D4BE5AE00007D4B /* LuluSDK.framework */ = {isa = PBXFileReference; lastKnownFileType = wrapper.framework; path = LuluSDK.framework; sourceTree = "<group>"; };
/* End PBXFileReference section */

/* Begin PBXFrameworksBuildPhase section */
		7DA0F6702D4BE45A00007D4B /* Frameworks */ = {
			isa = PBXFrameworksBuildPhase;
			buildActionMask = 2147483647;
			files = (
				7DA0F6AB2D4BE5C500007D4B /* LuluSDK.framework in Frameworks */,
			);
			runOnlyForDeploymentPostprocessing = 0;
		};
		7DA0F6892D4BE45E00007D4B /* Frameworks */ = {
			isa = PBXFrameworksBuildPhase;
			buildActionMask = 2147483647;
			files = (
			);
			runOnlyForDeploymentPostprocessing = 0;
		};
		7DA0F6932D4BE45E00007D4B /* Frameworks */ = {
			isa = PBXFrameworksBuildPhase;
			buildActionMask = 2147483647;
			files = (
			);
			runOnlyForDeploymentPostprocessing = 0;
		};
/* End PBXFrameworksBuildPhase section */

/* Begin PBXGroup section */
		7DA0F66A2D4BE45A00007D4B = {
			isa = PBXGroup;
			children = (
				7DA0F6752D4BE45A00007D4B /* TenentApplication */,
				7DA0F68F2D4BE45E00007D4B /* TenentApplicationTests */,
				7DA0F6992D4BE45E00007D4B /* TenentApplicationUITests */,
				7DA0F6742D4BE45A00007D4B /* Products */,
			);
			sourceTree = "<group>";
		};
		7DA0F6742D4BE45A00007D4B /* Products */ = {
			isa = PBXGroup;
			children = (
				7DA0F6732D4BE45A00007D4B /* TenentApplication.app */,
				7DA0F68C2D4BE45E00007D4B /* TenentApplicationTests.xctest */,
				7DA0F6962D4BE45E00007D4B /* TenentApplicationUITests.xctest */,
			);
			name = Products;
			sourceTree = "<group>";
		};
		7DA0F6752D4BE45A00007D4B /* TenentApplication */ = {
			isa = PBXGroup;
			children = (
				7DA0F6762D4BE45A00007D4B /* AppDelegate.swift */,
				7DA0F6782D4BE45A00007D4B /* SceneDelegate.swift */,
				7DA0F67A2D4BE45A00007D4B /* ViewController.swift */,
				7DA0F67C2D4BE45A00007D4B /* Main.storyboard */,
				7DA0F6822D4BE45D00007D4B /* Assets.xcassets */,
				7DA0F6842D4BE45D00007D4B /* LaunchScreen.storyboard */,
				7DA0F6872D4BE45D00007D4B /* Info.plist */,
				7DA0F67F2D4BE45A00007D4B /* TenentApplication.xcdatamodeld */,
				7DA0F6A92D4BE5AE00007D4B /* LuluSDK.framework */,
			);
			path = TenentApplication;
			sourceTree = "<group>";
		};
		7DA0F68F2D4BE45E00007D4B /* TenentApplicationTests */ = {
			isa = PBXGroup;
			children = (
				7DA0F6902D4BE45E00007D4B /* TenentApplicationTests.swift */,
			);
			path = TenentApplicationTests;
			sourceTree = "<group>";
		};
		7DA0F6992D4BE45E00007D4B /* TenentApplicationUITests */ = {
			isa = PBXGroup;
			children = (
				7DA0F69A2D4BE45E00007D4B /* TenentApplicationUITests.swift */,
				7DA0F69C2D4BE45E00007D4B /* TenentApplicationUITestsLaunchTests.swift */,
			);
			path = TenentApplicationUITests;
			sourceTree = "<group>";
		};
/* End PBXGroup section */

/* Begin PBXNativeTarget section */
		7DA0F6722D4BE45A00007D4B /* TenentApplication */ = {
			isa = PBXNativeTarget;
			buildConfigurationList = 7DA0F6A02D4BE45E00007D4B /* Build configuration list for PBXNativeTarget "TenentApplication" */;
			buildPhases = (
				7DA0F66F2D4BE45A00007D4B /* Sources */,
				7DA0F6702D4BE45A00007D4B /* Frameworks */,
				7DA0F6712D4BE45A00007D4B /* Resources */,
				7DA0F6AD2D4BE5C500007D4B /* Embed Frameworks */,
			);
			buildRules = (
			);
			dependencies = (
			);
			name = TenentApplication;
			productName = TenentApplication;
			productReference = 7DA0F6732D4BE45A00007D4B /* TenentApplication.app */;
			productType = "com.apple.product-type.application";
		};
		7DA0F68B2D4BE45E00007D4B /* TenentApplicationTests */ = {
			isa = PBXNativeTarget;
			buildConfigurationList = 7DA0F6A32D4BE45E00007D4B /* Build configuration list for PBXNativeTarget "TenentApplicationTests" */;
			buildPhases = (
				7DA0F6882D4BE45E00007D4B /* Sources */,
				7DA0F6892D4BE45E00007D4B /* Frameworks */,
				7DA0F68A2D4BE45E00007D4B /* Resources */,
			);
			buildRules = (
			);
			dependencies = (
				7DA0F68E2D4BE45E00007D4B /* PBXTargetDependency */,
			);
			name = TenentApplicationTests;
			productName = TenentApplicationTests;
			productReference = 7DA0F68C2D4BE45E00007D4B /* TenentApplicationTests.xctest */;
			productType = "com.apple.product-type.bundle.unit-test";
		};
		7DA0F6952D4BE45E00007D4B /* TenentApplicationUITests */ = {
			isa = PBXNativeTarget;
			buildConfigurationList = 7DA0F6A62D4BE45E00007D4B /* Build configuration list for PBXNativeTarget "TenentApplicationUITests" */;
			buildPhases = (
				7DA0F6922D4BE45E00007D4B /* Sources */,
				7DA0F6932D4BE45E00007D4B /* Frameworks */,
				7DA0F6942D4BE45E00007D4B /* Resources */,
			);
			buildRules = (
			);
			dependencies = (
				7DA0F6982D4BE45E00007D4B /* PBXTargetDependency */,
			);
			name = TenentApplicationUITests;
			productName = TenentApplicationUITests;
			productReference = 7DA0F6962D4BE45E00007D4B /* TenentApplicationUITests.xctest */;
			productType = "com.apple.product-type.bundle.ui-testing";
		};
/* End PBXNativeTarget section */

/* Begin PBXProject section */
		7DA0F66B2D4BE45A00007D4B /* Project object */ = {
			isa = PBXProject;
			attributes = {
				BuildIndependentTargetsInParallel = 1;
				LastSwiftUpdateCheck = 1540;
				LastUpgradeCheck = 1540;
				TargetAttributes = {
					7DA0F6722D4BE45A00007D4B = {
						CreatedOnToolsVersion = 15.4;
					};
					7DA0F68B2D4BE45E00007D4B = {
						CreatedOnToolsVersion = 15.4;
						TestTargetID = 7DA0F6722D4BE45A00007D4B;
					};
					7DA0F6952D4BE45E00007D4B = {
						CreatedOnToolsVersion = 15.4;
						TestTargetID = 7DA0F6722D4BE45A00007D4B;
					};
				};
			};
			buildConfigurationList = 7DA0F66E2D4BE45A00007D4B /* Build configuration list for PBXProject "TenentApplication" */;
			compatibilityVersion = "Xcode 14.0";
			developmentRegion = en;
			hasScannedForEncodings = 0;
			knownRegions = (
				en,
				Base,
			);
			mainGroup = 7DA0F66A2D4BE45A00007D4B;
			productRefGroup = 7DA0F6742D4BE45A00007D4B /* Products */;
			projectDirPath = "";
			projectRoot = "";
			targets = (
				7DA0F6722D4BE45A00007D4B /* TenentApplication */,
				7DA0F68B2D4BE45E00007D4B /* TenentApplicationTests */,
				7DA0F6952D4BE45E00007D4B /* TenentApplicationUITests */,
			);
		};
/* End PBXProject section */

/* Begin PBXResourcesBuildPhase section */
		7DA0F6712D4BE45A00007D4B /* Resources */ = {
			isa = PBXResourcesBuildPhase;
			buildActionMask = 2147483647;
			files = (
				7DA0F6832D4BE45D00007D4B /* Assets.xcassets in Resources */,
				7DA0F6862D4BE45D00007D4B /* Base in Resources */,
				7DA0F67E2D4BE45A00007D4B /* Base in Resources */,
			);
			runOnlyForDeploymentPostprocessing = 0;
		};
		7DA0F68A2D4BE45E00007D4B /* Resources */ = {
			isa = PBXResourcesBuildPhase;
			buildActionMask = 2147483647;
			files = (
			);
			runOnlyForDeploymentPostprocessing = 0;
		};
		7DA0F6942D4BE45E00007D4B /* Resources */ = {
			isa = PBXResourcesBuildPhase;
			buildActionMask = 2147483647;
			files = (
			);
			runOnlyForDeploymentPostprocessing = 0;
		};
/* End PBXResourcesBuildPhase section */

/* Begin PBXSourcesBuildPhase section */
		7DA0F66F2D4BE45A00007D4B /* Sources */ = {
			isa = PBXSourcesBuildPhase;
			buildActionMask = 2147483647;
			files = (
				7DA0F6812D4BE45A00007D4B /* TenentApplication.xcdatamodeld in Sources */,
				7DA0F67B2D4BE45A00007D4B /* ViewController.swift in Sources */,
				7DA0F6772D4BE45A00007D4B /* AppDelegate.swift in Sources */,
				7DA0F6792D4BE45A00007D4B /* SceneDelegate.swift in Sources */,
			);
			runOnlyForDeploymentPostprocessing = 0;
		};
		7DA0F6882D4BE45E00007D4B /* Sources */ = {
			isa = PBXSourcesBuildPhase;
			buildActionMask = 2147483647;
			files = (
				7DA0F6912D4BE45E00007D4B /* TenentApplicationTests.swift in Sources */,
			);
			runOnlyForDeploymentPostprocessing = 0;
		};
		7DA0F6922D4BE45E00007D4B /* Sources */ = {
			isa = PBXSourcesBuildPhase;
			buildActionMask = 2147483647;
			files = (
				7DA0F69B2D4BE45E00007D4B /* TenentApplicationUITests.swift in Sources */,
				7DA0F69D2D4BE45E00007D4B /* TenentApplicationUITestsLaunchTests.swift in Sources */,
			);
			runOnlyForDeploymentPostprocessing = 0;
		};
/* End PBXSourcesBuildPhase section */

/* Begin PBXTargetDependency section */
		7DA0F68E2D4BE45E00007D4B /* PBXTargetDependency */ = {
			isa = PBXTargetDependency;
			target = 7DA0F6722D4BE45A00007D4B /* TenentApplication */;
			targetProxy = 7DA0F68D2D4BE45E00007D4B /* PBXContainerItemProxy */;
		};
		7DA0F6982D4BE45E00007D4B /* PBXTargetDependency */ = {
			isa = PBXTargetDependency;
			target = 7DA0F6722D4BE45A00007D4B /* TenentApplication */;
			targetProxy = 7DA0F6972D4BE45E00007D4B /* PBXContainerItemProxy */;
		};
/* End PBXTargetDependency section */

/* Begin PBXVariantGroup section */
		7DA0F67C2D4BE45A00007D4B /* Main.storyboard */ = {
			isa = PBXVariantGroup;
			children = (
				7DA0F67D2D4BE45A00007D4B /* Base */,
			);
			name = Main.storyboard;
			sourceTree = "<group>";
		};
		7DA0F6842D4BE45D00007D4B /* LaunchScreen.storyboard */ = {
			isa = PBXVariantGroup;
			children = (
				7DA0F6852D4BE45D00007D4B /* Base */,
			);
			name = LaunchScreen.storyboard;
			sourceTree = "<group>";
		};
/* End PBXVariantGroup section */

/* Begin XCBuildConfiguration section */
		7DA0F69E2D4BE45E00007D4B /* Debug */ = {
			isa = XCBuildConfiguration;
			buildSettings = {
				ALWAYS_SEARCH_USER_PATHS = NO;
				ASSETCATALOG_COMPILER_GENERATE_SWIFT_ASSET_SYMBOL_EXTENSIONS = YES;
				CLANG_ANALYZER_NONNULL = YES;
				CLANG_ANALYZER_NUMBER_OBJECT_CONVERSION = YES_AGGRESSIVE;
				CLANG_CXX_LANGUAGE_STANDARD = "gnu++20";
				CLANG_ENABLE_MODULES = YES;
				CLANG_ENABLE_OBJC_ARC = YES;
				CLANG_ENABLE_OBJC_WEAK = YES;
				CLANG_WARN_BLOCK_CAPTURE_AUTORELEASING = YES;
				CLANG_WARN_BOOL_CONVERSION = YES;
				CLANG_WARN_COMMA = YES;
				CLANG_WARN_CONSTANT_CONVERSION = YES;
				CLANG_WARN_DEPRECATED_OBJC_IMPLEMENTATIONS = YES;
				CLANG_WARN_DIRECT_OBJC_ISA_USAGE = YES_ERROR;
				CLANG_WARN_DOCUMENTATION_COMMENTS = YES;
				CLANG_WARN_EMPTY_BODY = YES;
				CLANG_WARN_ENUM_CONVERSION = YES;
				CLANG_WARN_INFINITE_RECURSION = YES;
				CLANG_WARN_INT_CONVERSION = YES;
				CLANG_WARN_NON_LITERAL_NULL_CONVERSION = YES;
				CLANG_WARN_OBJC_IMPLICIT_RETAIN_SELF = YES;
				CLANG_WARN_OBJC_LITERAL_CONVERSION = YES;
				CLANG_WARN_OBJC_ROOT_CLASS = YES_ERROR;
				CLANG_WARN_QUOTED_INCLUDE_IN_FRAMEWORK_HEADER = YES;
				CLANG_WARN_RANGE_LOOP_ANALYSIS = YES;
				CLANG_WARN_STRICT_PROTOTYPES = YES;
				CLANG_WARN_SUSPICIOUS_MOVE = YES;
				CLANG_WARN_UNGUARDED_AVAILABILITY = YES_AGGRESSIVE;
				CLANG_WARN_UNREACHABLE_CODE = YES;
				CLANG_WARN__DUPLICATE_METHOD_MATCH = YES;
				COPY_PHASE_STRIP = NO;
				DEBUG_INFORMATION_FORMAT = dwarf;
				ENABLE_STRICT_OBJC_MSGSEND = YES;
				ENABLE_TESTABILITY = YES;
				ENABLE_USER_SCRIPT_SANDBOXING = YES;
				GCC_C_LANGUAGE_STANDARD = gnu17;
				GCC_DYNAMIC_NO_PIC = NO;
				GCC_NO_COMMON_BLOCKS = YES;
				GCC_OPTIMIZATION_LEVEL = 0;
				GCC_PREPROCESSOR_DEFINITIONS = (
					"DEBUG=1",
					"$(inherited)",
				);
				GCC_WARN_64_TO_32_BIT_CONVERSION = YES;
				GCC_WARN_ABOUT_RETURN_TYPE = YES_ERROR;
				GCC_WARN_UNDECLARED_SELECTOR = YES;
				GCC_WARN_UNINITIALIZED_AUTOS = YES_AGGRESSIVE;
				GCC_WARN_UNUSED_FUNCTION = YES;
				GCC_WARN_UNUSED_VARIABLE = YES;
				IPHONEOS_DEPLOYMENT_TARGET = 17.5;
				LOCALIZATION_PREFERS_STRING_CATALOGS = YES;
				MTL_ENABLE_DEBUG_INFO = INCLUDE_SOURCE;
				MTL_FAST_MATH = YES;
				ONLY_ACTIVE_ARCH = YES;
				SDKROOT = iphoneos;
				SWIFT_ACTIVE_COMPILATION_CONDITIONS = "DEBUG $(inherited)";
				SWIFT_OPTIMIZATION_LEVEL = "-Onone";
			};
			name = Debug;
		};
		7DA0F69F2D4BE45E00007D4B /* Release */ = {
			isa = XCBuildConfiguration;
			buildSettings = {
				ALWAYS_SEARCH_USER_PATHS = NO;
				ASSETCATALOG_COMPILER_GENERATE_SWIFT_ASSET_SYMBOL_EXTENSIONS = YES;
				CLANG_ANALYZER_NONNULL = YES;
				CLANG_ANALYZER_NUMBER_OBJECT_CONVERSION = YES_AGGRESSIVE;
				CLANG_CXX_LANGUAGE_STANDARD = "gnu++20";
				CLANG_ENABLE_MODULES = YES;
				CLANG_ENABLE_OBJC_ARC = YES;
				CLANG_ENABLE_OBJC_WEAK = YES;
				CLANG_WARN_BLOCK_CAPTURE_AUTORELEASING = YES;
				CLANG_WARN_BOOL_CONVERSION = YES;
				CLANG_WARN_COMMA = YES;
				CLANG_WARN_CONSTANT_CONVERSION = YES;
				CLANG_WARN_DEPRECATED_OBJC_IMPLEMENTATIONS = YES;
				CLANG_WARN_DIRECT_OBJC_ISA_USAGE = YES_ERROR;
				CLANG_WARN_DOCUMENTATION_COMMENTS = YES;
				CLANG_WARN_EMPTY_BODY = YES;
				CLANG_WARN_ENUM_CONVERSION = YES;
				CLANG_WARN_INFINITE_RECURSION = YES;
				CLANG_WARN_INT_CONVERSION = YES;
				CLANG_WARN_NON_LITERAL_NULL_CONVERSION = YES;
				CLANG_WARN_OBJC_IMPLICIT_RETAIN_SELF = YES;
				CLANG_WARN_OBJC_LITERAL_CONVERSION = YES;
				CLANG_WARN_OBJC_ROOT_CLASS = YES_ERROR;
				CLANG_WARN_QUOTED_INCLUDE_IN_FRAMEWORK_HEADER = YES;
				CLANG_WARN_RANGE_LOOP_ANALYSIS = YES;
				CLANG_WARN_STRICT_PROTOTYPES = YES;
				CLANG_WARN_SUSPICIOUS_MOVE = YES;
				CLANG_WARN_UNGUARDED_AVAILABILITY = YES_AGGRESSIVE;
				CLANG_WARN_UNREACHABLE_CODE = YES;
				CLANG_WARN__DUPLICATE_METHOD_MATCH = YES;
				COPY_PHASE_STRIP = NO;
				DEBUG_INFORMATION_FORMAT = "dwarf-with-dsym";
				ENABLE_NS_ASSERTIONS = NO;
				ENABLE_STRICT_OBJC_MSGSEND = YES;
				ENABLE_USER_SCRIPT_SANDBOXING = YES;
				GCC_C_LANGUAGE_STANDARD = gnu17;
				GCC_NO_COMMON_BLOCKS = YES;
				GCC_WARN_64_TO_32_BIT_CONVERSION = YES;
				GCC_WARN_ABOUT_RETURN_TYPE = YES_ERROR;
				GCC_WARN_UNDECLARED_SELECTOR = YES;
				GCC_WARN_UNINITIALIZED_AUTOS = YES_AGGRESSIVE;
				GCC_WARN_UNUSED_FUNCTION = YES;
				GCC_WARN_UNUSED_VARIABLE = YES;
				IPHONEOS_DEPLOYMENT_TARGET = 17.5;
				LOCALIZATION_PREFERS_STRING_CATALOGS = YES;
				MTL_ENABLE_DEBUG_INFO = NO;
				MTL_FAST_MATH = YES;
				SDKROOT = iphoneos;
				SWIFT_COMPILATION_MODE = wholemodule;
				VALIDATE_PRODUCT = YES;
			};
			name = Release;
		};
		7DA0F6A12D4BE45E00007D4B /* Debug */ = {
			isa = XCBuildConfiguration;
			buildSettings = {
				ASSETCATALOG_COMPILER_APPICON_NAME = AppIcon;
				ASSETCATALOG_COMPILER_GLOBAL_ACCENT_COLOR_NAME = AccentColor;
				CODE_SIGN_STYLE = Automatic;
				CURRENT_PROJECT_VERSION = 1;
				DEVELOPMENT_TEAM = 58NJPFPP73;
				FRAMEWORK_SEARCH_PATHS = (
					"$(inherited)",
					"$(PROJECT_DIR)/TenentApplication",
				);
				GENERATE_INFOPLIST_FILE = YES;
				INFOPLIST_FILE = TenentApplication/Info.plist;
				INFOPLIST_KEY_UIApplicationSupportsIndirectInputEvents = YES;
				INFOPLIST_KEY_UILaunchStoryboardName = LaunchScreen;
				INFOPLIST_KEY_UIMainStoryboardFile = Main;
				INFOPLIST_KEY_UISupportedInterfaceOrientations_iPad = "UIInterfaceOrientationPortrait UIInterfaceOrientationPortraitUpsideDown UIInterfaceOrientationLandscapeLeft UIInterfaceOrientationLandscapeRight";
				INFOPLIST_KEY_UISupportedInterfaceOrientations_iPhone = "UIInterfaceOrientationPortrait UIInterfaceOrientationLandscapeLeft UIInterfaceOrientationLandscapeRight";
				IPHONEOS_DEPLOYMENT_TARGET = 17.0;
				LD_RUNPATH_SEARCH_PATHS = (
					"$(inherited)",
					"@executable_path/Frameworks",
				);
				MARKETING_VERSION = 1.0;
				PRODUCT_BUNDLE_IDENTIFIER = com.finance.TenentApplication;
				PRODUCT_NAME = "$(TARGET_NAME)";
				SWIFT_EMIT_LOC_STRINGS = YES;
				SWIFT_VERSION = 5.0;
				TARGETED_DEVICE_FAMILY = "1,2";
			};
			name = Debug;
		};
		7DA0F6A22D4BE45E00007D4B /* Release */ = {
			isa = XCBuildConfiguration;
			buildSettings = {
				ASSETCATALOG_COMPILER_APPICON_NAME = AppIcon;
				ASSETCATALOG_COMPILER_GLOBAL_ACCENT_COLOR_NAME = AccentColor;
				CODE_SIGN_STYLE = Automatic;
				CURRENT_PROJECT_VERSION = 1;
				DEVELOPMENT_TEAM = 58NJPFPP73;
				FRAMEWORK_SEARCH_PATHS = (
					"$(inherited)",
					"$(PROJECT_DIR)/TenentApplication",
				);
				GENERATE_INFOPLIST_FILE = YES;
				INFOPLIST_FILE = TenentApplication/Info.plist;
				INFOPLIST_KEY_UIApplicationSupportsIndirectInputEvents = YES;
				INFOPLIST_KEY_UILaunchStoryboardName = LaunchScreen;
				INFOPLIST_KEY_UIMainStoryboardFile = Main;
				INFOPLIST_KEY_UISupportedInterfaceOrientations_iPad = "UIInterfaceOrientationPortrait UIInterfaceOrientationPortraitUpsideDown UIInterfaceOrientationLandscapeLeft UIInterfaceOrientationLandscapeRight";
				INFOPLIST_KEY_UISupportedInterfaceOrientations_iPhone = "UIInterfaceOrientationPortrait UIInterfaceOrientationLandscapeLeft UIInterfaceOrientationLandscapeRight";
				IPHONEOS_DEPLOYMENT_TARGET = 17.0;
				LD_RUNPATH_SEARCH_PATHS = (
					"$(inherited)",
					"@executable_path/Frameworks",
				);
				MARKETING_VERSION = 1.0;
				PRODUCT_BUNDLE_IDENTIFIER = com.finance.TenentApplication;
				PRODUCT_NAME = "$(TARGET_NAME)";
				SWIFT_EMIT_LOC_STRINGS = YES;
				SWIFT_VERSION = 5.0;
				TARGETED_DEVICE_FAMILY = "1,2";
			};
			name = Release;
		};
		7DA0F6A42D4BE45E00007D4B /* Debug */ = {
			isa = XCBuildConfiguration;
			buildSettings = {
				ALWAYS_EMBED_SWIFT_STANDARD_LIBRARIES = YES;
				BUNDLE_LOADER = "$(TEST_HOST)";
				CODE_SIGN_STYLE = Automatic;
				CURRENT_PROJECT_VERSION = 1;
				DEVELOPMENT_TEAM = 58NJPFPP73;
				GENERATE_INFOPLIST_FILE = YES;
				IPHONEOS_DEPLOYMENT_TARGET = 17.5;
				MARKETING_VERSION = 1.0;
				PRODUCT_BUNDLE_IDENTIFIER = com.finance.TenentApplicationTests;
				PRODUCT_NAME = "$(TARGET_NAME)";
				SWIFT_EMIT_LOC_STRINGS = NO;
				SWIFT_VERSION = 5.0;
				TARGETED_DEVICE_FAMILY = "1,2";
				TEST_HOST = "$(BUILT_PRODUCTS_DIR)/TenentApplication.app/$(BUNDLE_EXECUTABLE_FOLDER_PATH)/TenentApplication";
			};
			name = Debug;
		};
		7DA0F6A52D4BE45E00007D4B /* Release */ = {
			isa = XCBuildConfiguration;
			buildSettings = {
				ALWAYS_EMBED_SWIFT_STANDARD_LIBRARIES = YES;
				BUNDLE_LOADER = "$(TEST_HOST)";
				CODE_SIGN_STYLE = Automatic;
				CURRENT_PROJECT_VERSION = 1;
				DEVELOPMENT_TEAM = 58NJPFPP73;
				GENERATE_INFOPLIST_FILE = YES;
				IPHONEOS_DEPLOYMENT_TARGET = 17.5;
				MARKETING_VERSION = 1.0;
				PRODUCT_BUNDLE_IDENTIFIER = com.finance.TenentApplicationTests;
				PRODUCT_NAME = "$(TARGET_NAME)";
				SWIFT_EMIT_LOC_STRINGS = NO;
				SWIFT_VERSION = 5.0;
				TARGETED_DEVICE_FAMILY = "1,2";
				TEST_HOST = "$(BUILT_PRODUCTS_DIR)/TenentApplication.app/$(BUNDLE_EXECUTABLE_FOLDER_PATH)/TenentApplication";
			};
			name = Release;
		};
		7DA0F6A72D4BE45E00007D4B /* Debug */ = {
			isa = XCBuildConfiguration;
			buildSettings = {
				ALWAYS_EMBED_SWIFT_STANDARD_LIBRARIES = YES;
				CODE_SIGN_STYLE = Automatic;
				CURRENT_PROJECT_VERSION = 1;
				DEVELOPMENT_TEAM = 58NJPFPP73;
				GENERATE_INFOPLIST_FILE = YES;
				MARKETING_VERSION = 1.0;
				PRODUCT_BUNDLE_IDENTIFIER = com.finance.TenentApplicationUITests;
				PRODUCT_NAME = "$(TARGET_NAME)";
				SWIFT_EMIT_LOC_STRINGS = NO;
				SWIFT_VERSION = 5.0;
				TARGETED_DEVICE_FAMILY = "1,2";
				TEST_TARGET_NAME = TenentApplication;
			};
			name = Debug;
		};
		7DA0F6A82D4BE45E00007D4B /* Release */ = {
			isa = XCBuildConfiguration;
			buildSettings = {
				ALWAYS_EMBED_SWIFT_STANDARD_LIBRARIES = YES;
				CODE_SIGN_STYLE = Automatic;
				CURRENT_PROJECT_VERSION = 1;
				DEVELOPMENT_TEAM = 58NJPFPP73;
				GENERATE_INFOPLIST_FILE = YES;
				MARKETING_VERSION = 1.0;
				PRODUCT_BUNDLE_IDENTIFIER = com.finance.TenentApplicationUITests;
				PRODUCT_NAME = "$(TARGET_NAME)";
				SWIFT_EMIT_LOC_STRINGS = NO;
				SWIFT_VERSION = 5.0;
				TARGETED_DEVICE_FAMILY = "1,2";
				TEST_TARGET_NAME = TenentApplication;
			};
			name = Release;
		};
/* End XCBuildConfiguration section */

/* Begin XCConfigurationList section */
		7DA0F66E2D4BE45A00007D4B /* Build configuration list for PBXProject "TenentApplication" */ = {
			isa = XCConfigurationList;
			buildConfigurations = (
				7DA0F69E2D4BE45E00007D4B /* Debug */,
				7DA0F69F2D4BE45E00007D4B /* Release */,
			);
			defaultConfigurationIsVisible = 0;
			defaultConfigurationName = Release;
		};
		7DA0F6A02D4BE45E00007D4B /* Build configuration list for PBXNativeTarget "TenentApplication" */ = {
			isa = XCConfigurationList;
			buildConfigurations = (
				7DA0F6A12D4BE45E00007D4B /* Debug */,
				7DA0F6A22D4BE45E00007D4B /* Release */,
			);
			defaultConfigurationIsVisible = 0;
			defaultConfigurationName = Release;
		};
		7DA0F6A32D4BE45E00007D4B /* Build configuration list for PBXNativeTarget "TenentApplicationTests" */ = {
			isa = XCConfigurationList;
			buildConfigurations = (
				7DA0F6A42D4BE45E00007D4B /* Debug */,
				7DA0F6A52D4BE45E00007D4B /* Release */,
			);
			defaultConfigurationIsVisible = 0;
			defaultConfigurationName = Release;
		};
		7DA0F6A62D4BE45E00007D4B /* Build configuration list for PBXNativeTarget "TenentApplicationUITests" */ = {
			isa = XCConfigurationList;
			buildConfigurations = (
				7DA0F6A72D4BE45E00007D4B /* Debug */,
				7DA0F6A82D4BE45E00007D4B /* Release */,
			);
			defaultConfigurationIsVisible = 0;
			defaultConfigurationName = Release;
		};
/* End XCConfigurationList section */

/* Begin XCVersionGroup section */
		7DA0F67F2D4BE45A00007D4B /* TenentApplication.xcdatamodeld */ = {
			isa = XCVersionGroup;
			children = (
				7DA0F6802D4BE45A00007D4B /* TenentApplication.xcdatamodel */,
			);
			currentVersion = 7DA0F6802D4BE45A00007D4B /* TenentApplication.xcdatamodel */;
			path = TenentApplication.xcdatamodeld;
			sourceTree = "<group>";
			versionGroupType = wrapper.xcdatamodel;
		};
/* End XCVersionGroup section */
	};
	rootObject = 7DA0F66B2D4BE45A00007D4B /* Project object */;
}
