// !$*UTF8*$!
{
	archiveVersion = 1;
	classes = {
	};
	objectVersion = 56;
	objects = {

/* Begin PBXBuildFile section */
		B818D4612D410948009D9DA7 /* RequestNewCardController.swift in Sources */ = {isa = PBXBuildFile; fileRef = B818D4602D410948009D9DA7 /* RequestNewCardController.swift */; };
		B818D4642D410AF6009D9DA7 /* InstantAccountCell.swift in Sources */ = {isa = PBXBuildFile; fileRef = B818D4622D410AF6009D9DA7 /* InstantAccountCell.swift */; };
		B818D4652D410AF6009D9DA7 /* InstantAccountCell.xib in Resources */ = {isa = PBXBuildFile; fileRef = B818D4632D410AF6009D9DA7 /* InstantAccountCell.xib */; };
		B818D4682D411FDA009D9DA7 /* ButtonCell.swift in Sources */ = {isa = PBXBuildFile; fileRef = B818D4662D411FDA009D9DA7 /* ButtonCell.swift */; };
		B818D4692D411FDA009D9DA7 /* ButtonCell.xib in Resources */ = {isa = PBXBuildFile; fileRef = B818D4672D411FDA009D9DA7 /* ButtonCell.xib */; };
		B818D4702D4122E8009D9DA7 /* TitleCell.swift in Sources */ = {isa = PBXBuildFile; fileRef = B818D46E2D4122E8009D9DA7 /* TitleCell.swift */; };
		B818D4712D4122E8009D9DA7 /* TitleCell.xib in Resources */ = {isa = PBXBuildFile; fileRef = B818D46F2D4122E8009D9DA7 /* TitleCell.xib */; };
		B83641002D3FAABA005D01BC /* ProfileViewController.swift in Sources */ = {isa = PBXBuildFile; fileRef = B83640FF2D3FAABA005D01BC /* ProfileViewController.swift */; };
		B83641032D3FAAFD005D01BC /* ProfileTCell.xib in Resources */ = {isa = PBXBuildFile; fileRef = B83641022D3FAAFD005D01BC /* ProfileTCell.xib */; };
		B83641042D3FAAFD005D01BC /* ProfileTCell.swift in Sources */ = {isa = PBXBuildFile; fileRef = B83641012D3FAAFD005D01BC /* ProfileTCell.swift */; };
		B836412C2D3FFE48005D01BC /* CardsMangementViewController.swift in Sources */ = {isa = PBXBuildFile; fileRef = B836412B2D3FFE48005D01BC /* CardsMangementViewController.swift */; };
		B836412F2D40009B005D01BC /* CardCell.swift in Sources */ = {isa = PBXBuildFile; fileRef = B836412D2D40009B005D01BC /* CardCell.swift */; };
		B83641302D40009B005D01BC /* CardCell.xib in Resources */ = {isa = PBXBuildFile; fileRef = B836412E2D40009B005D01BC /* CardCell.xib */; };
		B83E6DF72D477FA400D2E4B4 /* TransferCell.xib in Resources */ = {isa = PBXBuildFile; fileRef = B83E6DF62D477FA400D2E4B4 /* TransferCell.xib */; };
		B83E6DF82D477FA400D2E4B4 /* TransferCell.swift in Sources */ = {isa = PBXBuildFile; fileRef = B83E6DF52D477FA400D2E4B4 /* TransferCell.swift */; };
		B83E6DFB2D4797D700D2E4B4 /* RequestMoneyCell.swift in Sources */ = {isa = PBXBuildFile; fileRef = B83E6DF92D4797D700D2E4B4 /* RequestMoneyCell.swift */; };
		B83E6DFC2D4797D700D2E4B4 /* RequestMoneyCell.xib in Resources */ = {isa = PBXBuildFile; fileRef = B83E6DFA2D4797D700D2E4B4 /* RequestMoneyCell.xib */; };
		B83E6DFE2D479A0700D2E4B4 /* TransferMoneyViewController.swift in Sources */ = {isa = PBXBuildFile; fileRef = B83E6DFD2D479A0700D2E4B4 /* TransferMoneyViewController.swift */; };
		B8A6DBFB2D3E839200BFD894 /* AppDelegate.swift in Sources */ = {isa = PBXBuildFile; fileRef = B8A6DBFA2D3E839200BFD894 /* AppDelegate.swift */; };
		B8A6DBFD2D3E839200BFD894 /* SceneDelegate.swift in Sources */ = {isa = PBXBuildFile; fileRef = B8A6DBFC2D3E839200BFD894 /* SceneDelegate.swift */; };
		B8A6DBFF2D3E839200BFD894 /* ViewController.swift in Sources */ = {isa = PBXBuildFile; fileRef = B8A6DBFE2D3E839200BFD894 /* ViewController.swift */; };
		B8A6DC022D3E839200BFD894 /* Base in Resources */ = {isa = PBXBuildFile; fileRef = B8A6DC012D3E839200BFD894 /* Base */; };
		B8A6DC042D3E839400BFD894 /* Assets.xcassets in Resources */ = {isa = PBXBuildFile; fileRef = B8A6DC032D3E839400BFD894 /* Assets.xcassets */; };
		B8A6DC072D3E839400BFD894 /* Base in Resources */ = {isa = PBXBuildFile; fileRef = B8A6DC062D3E839400BFD894 /* Base */; };
		B8A6DC0F2D3E83CB00BFD894 /* SettingsViewController.swift in Sources */ = {isa = PBXBuildFile; fileRef = B8A6DC0E2D3E83CB00BFD894 /* SettingsViewController.swift */; };
		B8A6DC172D3E87F100BFD894 /* SettingsCell.xib in Resources */ = {isa = PBXBuildFile; fileRef = B8A6DC152D3E87F100BFD894 /* SettingsCell.xib */; };
		B8A6DC192D3E8B8B00BFD894 /* CustomHeaderView.xib in Resources */ = {isa = PBXBuildFile; fileRef = B8A6DC182D3E8B8B00BFD894 /* CustomHeaderView.xib */; };
		B8A6DC1D2D3E8C1500BFD894 /* SettingsCell.swift in Sources */ = {isa = PBXBuildFile; fileRef = B8A6DC1C2D3E8C1500BFD894 /* SettingsCell.swift */; };
		B8A6DC1F2D3E8C6600BFD894 /* CustomHeaderView.swift in Sources */ = {isa = PBXBuildFile; fileRef = B8A6DC1E2D3E8C6600BFD894 /* CustomHeaderView.swift */; };
		B8B831852D43C51F00FC228C /* RequestAuthorizationViewController.swift in Sources */ = {isa = PBXBuildFile; fileRef = B8B831842D43C51F00FC228C /* RequestAuthorizationViewController.swift */; };
		B8B831882D43C65A00FC228C /* PinEntryCell.swift in Sources */ = {isa = PBXBuildFile; fileRef = B8B831862D43C65A00FC228C /* PinEntryCell.swift */; };
		B8B831892D43C65A00FC228C /* PinEntryCell.xib in Resources */ = {isa = PBXBuildFile; fileRef = B8B831872D43C65A00FC228C /* PinEntryCell.xib */; };
		B8B8318C2D43C80E00FC228C /* NumberPadCell.swift in Sources */ = {isa = PBXBuildFile; fileRef = B8B8318A2D43C80E00FC228C /* NumberPadCell.swift */; };
		B8B8318D2D43C80E00FC228C /* NumberPadCell.xib in Resources */ = {isa = PBXBuildFile; fileRef = B8B8318B2D43C80E00FC228C /* NumberPadCell.xib */; };
		B8B8318F2D43F00F00FC228C /* RequestSuccessViewController.swift in Sources */ = {isa = PBXBuildFile; fileRef = B8B8318E2D43F00F00FC228C /* RequestSuccessViewController.swift */; };
		B8B831912D43FDCE00FC228C /* DashboardViewController.swift in Sources */ = {isa = PBXBuildFile; fileRef = B8B831902D43FDCE00FC228C /* DashboardViewController.swift */; };
		B8B831942D43FE7600FC228C /* HeaderViewCell.swift in Sources */ = {isa = PBXBuildFile; fileRef = B8B831922D43FE7600FC228C /* HeaderViewCell.swift */; };
		B8B831952D43FE7600FC228C /* HeaderViewCell.xib in Resources */ = {isa = PBXBuildFile; fileRef = B8B831932D43FE7600FC228C /* HeaderViewCell.xib */; };
		B8B831982D43FFD100FC228C /* ExchangeRateCell.swift in Sources */ = {isa = PBXBuildFile; fileRef = B8B831962D43FFD100FC228C /* ExchangeRateCell.swift */; };
		B8B831992D43FFD100FC228C /* ExchangeRateCell.xib in Resources */ = {isa = PBXBuildFile; fileRef = B8B831972D43FFD100FC228C /* ExchangeRateCell.xib */; };
		B8B8319D2D44002000FC228C /* Model.swift in Sources */ = {isa = PBXBuildFile; fileRef = B8B8319C2D44002000FC228C /* Model.swift */; };
		B8B831A02D4402B900FC228C /* CardBalanceCell.swift in Sources */ = {isa = PBXBuildFile; fileRef = B8B8319E2D4402B900FC228C /* CardBalanceCell.swift */; };
		B8B831A12D4402B900FC228C /* CardBalanceCell.xib in Resources */ = {isa = PBXBuildFile; fileRef = B8B8319F2D4402B900FC228C /* CardBalanceCell.xib */; };
/* End PBXBuildFile section */

/* Begin PBXFileReference section */
		B818D4602D410948009D9DA7 /* RequestNewCardController.swift */ = {isa = PBXFileReference; lastKnownFileType = sourcecode.swift; path = RequestNewCardController.swift; sourceTree = "<group>"; };
		B818D4622D410AF6009D9DA7 /* InstantAccountCell.swift */ = {isa = PBXFileReference; lastKnownFileType = sourcecode.swift; path = InstantAccountCell.swift; sourceTree = "<group>"; };
		B818D4632D410AF6009D9DA7 /* InstantAccountCell.xib */ = {isa = PBXFileReference; lastKnownFileType = file.xib; path = InstantAccountCell.xib; sourceTree = "<group>"; };
		B818D4662D411FDA009D9DA7 /* ButtonCell.swift */ = {isa = PBXFileReference; lastKnownFileType = sourcecode.swift; path = ButtonCell.swift; sourceTree = "<group>"; };
		B818D4672D411FDA009D9DA7 /* ButtonCell.xib */ = {isa = PBXFileReference; lastKnownFileType = file.xib; path = ButtonCell.xib; sourceTree = "<group>"; };
		B818D46E2D4122E8009D9DA7 /* TitleCell.swift */ = {isa = PBXFileReference; lastKnownFileType = sourcecode.swift; path = TitleCell.swift; sourceTree = "<group>"; };
		B818D46F2D4122E8009D9DA7 /* TitleCell.xib */ = {isa = PBXFileReference; lastKnownFileType = file.xib; path = TitleCell.xib; sourceTree = "<group>"; };
		B83640FF2D3FAABA005D01BC /* ProfileViewController.swift */ = {isa = PBXFileReference; lastKnownFileType = sourcecode.swift; path = ProfileViewController.swift; sourceTree = "<group>"; };
		B83641012D3FAAFD005D01BC /* ProfileTCell.swift */ = {isa = PBXFileReference; lastKnownFileType = sourcecode.swift; path = ProfileTCell.swift; sourceTree = "<group>"; };
		B83641022D3FAAFD005D01BC /* ProfileTCell.xib */ = {isa = PBXFileReference; lastKnownFileType = file.xib; path = ProfileTCell.xib; sourceTree = "<group>"; };
		B836412B2D3FFE48005D01BC /* CardsMangementViewController.swift */ = {isa = PBXFileReference; lastKnownFileType = sourcecode.swift; path = CardsMangementViewController.swift; sourceTree = "<group>"; };
		B836412D2D40009B005D01BC /* CardCell.swift */ = {isa = PBXFileReference; lastKnownFileType = sourcecode.swift; path = CardCell.swift; sourceTree = "<group>"; };
		B836412E2D40009B005D01BC /* CardCell.xib */ = {isa = PBXFileReference; lastKnownFileType = file.xib; path = CardCell.xib; sourceTree = "<group>"; };
		B83E6DF52D477FA400D2E4B4 /* TransferCell.swift */ = {isa = PBXFileReference; lastKnownFileType = sourcecode.swift; path = TransferCell.swift; sourceTree = "<group>"; };
		B83E6DF62D477FA400D2E4B4 /* TransferCell.xib */ = {isa = PBXFileReference; lastKnownFileType = file.xib; path = TransferCell.xib; sourceTree = "<group>"; };
		B83E6DF92D4797D700D2E4B4 /* RequestMoneyCell.swift */ = {isa = PBXFileReference; lastKnownFileType = sourcecode.swift; path = RequestMoneyCell.swift; sourceTree = "<group>"; };
		B83E6DFA2D4797D700D2E4B4 /* RequestMoneyCell.xib */ = {isa = PBXFileReference; lastKnownFileType = file.xib; path = RequestMoneyCell.xib; sourceTree = "<group>"; };
		B83E6DFD2D479A0700D2E4B4 /* TransferMoneyViewController.swift */ = {isa = PBXFileReference; lastKnownFileType = sourcecode.swift; path = TransferMoneyViewController.swift; sourceTree = "<group>"; };
		B8A6DBF72D3E839200BFD894 /* Sample.app */ = {isa = PBXFileReference; explicitFileType = wrapper.application; includeInIndex = 0; path = Sample.app; sourceTree = BUILT_PRODUCTS_DIR; };
		B8A6DBFA2D3E839200BFD894 /* AppDelegate.swift */ = {isa = PBXFileReference; lastKnownFileType = sourcecode.swift; path = AppDelegate.swift; sourceTree = "<group>"; };
		B8A6DBFC2D3E839200BFD894 /* SceneDelegate.swift */ = {isa = PBXFileReference; lastKnownFileType = sourcecode.swift; path = SceneDelegate.swift; sourceTree = "<group>"; };
		B8A6DBFE2D3E839200BFD894 /* ViewController.swift */ = {isa = PBXFileReference; lastKnownFileType = sourcecode.swift; path = ViewController.swift; sourceTree = "<group>"; };
		B8A6DC012D3E839200BFD894 /* Base */ = {isa = PBXFileReference; lastKnownFileType = file.storyboard; name = Base; path = Base.lproj/Main.storyboard; sourceTree = "<group>"; };
		B8A6DC032D3E839400BFD894 /* Assets.xcassets */ = {isa = PBXFileReference; lastKnownFileType = folder.assetcatalog; path = Assets.xcassets; sourceTree = "<group>"; };
		B8A6DC062D3E839400BFD894 /* Base */ = {isa = PBXFileReference; lastKnownFileType = file.storyboard; name = Base; path = Base.lproj/LaunchScreen.storyboard; sourceTree = "<group>"; };
		B8A6DC082D3E839400BFD894 /* Info.plist */ = {isa = PBXFileReference; lastKnownFileType = text.plist.xml; path = Info.plist; sourceTree = "<group>"; };
		B8A6DC0E2D3E83CB00BFD894 /* SettingsViewController.swift */ = {isa = PBXFileReference; lastKnownFileType = sourcecode.swift; path = SettingsViewController.swift; sourceTree = "<group>"; };
		B8A6DC152D3E87F100BFD894 /* SettingsCell.xib */ = {isa = PBXFileReference; lastKnownFileType = file.xib; path = SettingsCell.xib; sourceTree = "<group>"; };
		B8A6DC182D3E8B8B00BFD894 /* CustomHeaderView.xib */ = {isa = PBXFileReference; lastKnownFileType = file.xib; path = CustomHeaderView.xib; sourceTree = "<group>"; };
		B8A6DC1C2D3E8C1500BFD894 /* SettingsCell.swift */ = {isa = PBXFileReference; lastKnownFileType = sourcecode.swift; path = SettingsCell.swift; sourceTree = "<group>"; };
		B8A6DC1E2D3E8C6600BFD894 /* CustomHeaderView.swift */ = {isa = PBXFileReference; lastKnownFileType = sourcecode.swift; path = CustomHeaderView.swift; sourceTree = "<group>"; };
		B8B831842D43C51F00FC228C /* RequestAuthorizationViewController.swift */ = {isa = PBXFileReference; lastKnownFileType = sourcecode.swift; path = RequestAuthorizationViewController.swift; sourceTree = "<group>"; };
		B8B831862D43C65A00FC228C /* PinEntryCell.swift */ = {isa = PBXFileReference; lastKnownFileType = sourcecode.swift; path = PinEntryCell.swift; sourceTree = "<group>"; };
		B8B831872D43C65A00FC228C /* PinEntryCell.xib */ = {isa = PBXFileReference; lastKnownFileType = file.xib; path = PinEntryCell.xib; sourceTree = "<group>"; };
		B8B8318A2D43C80E00FC228C /* NumberPadCell.swift */ = {isa = PBXFileReference; lastKnownFileType = sourcecode.swift; path = NumberPadCell.swift; sourceTree = "<group>"; };
		B8B8318B2D43C80E00FC228C /* NumberPadCell.xib */ = {isa = PBXFileReference; lastKnownFileType = file.xib; path = NumberPadCell.xib; sourceTree = "<group>"; };
		B8B8318E2D43F00F00FC228C /* RequestSuccessViewController.swift */ = {isa = PBXFileReference; lastKnownFileType = sourcecode.swift; path = RequestSuccessViewController.swift; sourceTree = "<group>"; };
		B8B831902D43FDCE00FC228C /* DashboardViewController.swift */ = {isa = PBXFileReference; lastKnownFileType = sourcecode.swift; path = DashboardViewController.swift; sourceTree = "<group>"; };
		B8B831922D43FE7600FC228C /* HeaderViewCell.swift */ = {isa = PBXFileReference; lastKnownFileType = sourcecode.swift; path = HeaderViewCell.swift; sourceTree = "<group>"; };
		B8B831932D43FE7600FC228C /* HeaderViewCell.xib */ = {isa = PBXFileReference; lastKnownFileType = file.xib; path = HeaderViewCell.xib; sourceTree = "<group>"; };
		B8B831962D43FFD100FC228C /* ExchangeRateCell.swift */ = {isa = PBXFileReference; lastKnownFileType = sourcecode.swift; path = ExchangeRateCell.swift; sourceTree = "<group>"; };
		B8B831972D43FFD100FC228C /* ExchangeRateCell.xib */ = {isa = PBXFileReference; lastKnownFileType = file.xib; path = ExchangeRateCell.xib; sourceTree = "<group>"; };
		B8B8319C2D44002000FC228C /* Model.swift */ = {isa = PBXFileReference; lastKnownFileType = sourcecode.swift; path = Model.swift; sourceTree = "<group>"; };
		B8B8319E2D4402B900FC228C /* CardBalanceCell.swift */ = {isa = PBXFileReference; lastKnownFileType = sourcecode.swift; path = CardBalanceCell.swift; sourceTree = "<group>"; };
		B8B8319F2D4402B900FC228C /* CardBalanceCell.xib */ = {isa = PBXFileReference; lastKnownFileType = file.xib; path = CardBalanceCell.xib; sourceTree = "<group>"; };
/* End PBXFileReference section */

/* Begin PBXFrameworksBuildPhase section */
		B8A6DBF42D3E839200BFD894 /* Frameworks */ = {
			isa = PBXFrameworksBuildPhase;
			buildActionMask = 2147483647;
			files = (
			);
			runOnlyForDeploymentPostprocessing = 0;
		};
/* End PBXFrameworksBuildPhase section */

/* Begin PBXGroup section */
		B818D41F2D40CA58009D9DA7 /* Model */ = {
			isa = PBXGroup;
			children = (
				B8B8319C2D44002000FC228C /* Model.swift */,
			);
			path = Model;
			sourceTree = "<group>";
		};
		B818D4202D40CA69009D9DA7 /* View */ = {
			isa = PBXGroup;
			children = (
				B818D4262D40FC26009D9DA7 /* xib Class */,
				B818D4252D40FB74009D9DA7 /* Viewcontrollers */,
				B818D4242D40FB62009D9DA7 /* Storyboards */,
				B818D4232D40FB5C009D9DA7 /* xibs */,
			);
			path = View;
			sourceTree = "<group>";
		};
		B818D4212D40CA77009D9DA7 /* ViewModel */ = {
			isa = PBXGroup;
			children = (
			);
			path = ViewModel;
			sourceTree = "<group>";
		};
		B818D4222D40FB2A009D9DA7 /* Services */ = {
			isa = PBXGroup;
			children = (
			);
			path = "\U0010Services";
			sourceTree = "<group>";
		};
		B818D4232D40FB5C009D9DA7 /* xibs */ = {
			isa = PBXGroup;
			children = (
				B836412E2D40009B005D01BC /* CardCell.xib */,
				B83641022D3FAAFD005D01BC /* ProfileTCell.xib */,
				B8A6DC182D3E8B8B00BFD894 /* CustomHeaderView.xib */,
				B8A6DC152D3E87F100BFD894 /* SettingsCell.xib */,
				B818D4632D410AF6009D9DA7 /* InstantAccountCell.xib */,
				B818D4672D411FDA009D9DA7 /* ButtonCell.xib */,
				B818D46F2D4122E8009D9DA7 /* TitleCell.xib */,
				B8B831872D43C65A00FC228C /* PinEntryCell.xib */,
				B8B8318B2D43C80E00FC228C /* NumberPadCell.xib */,
				B8B831932D43FE7600FC228C /* HeaderViewCell.xib */,
				B8B831972D43FFD100FC228C /* ExchangeRateCell.xib */,
				B8B8319F2D4402B900FC228C /* CardBalanceCell.xib */,
				B83E6DF62D477FA400D2E4B4 /* TransferCell.xib */,
				B83E6DFA2D4797D700D2E4B4 /* RequestMoneyCell.xib */,
			);
			path = xibs;
			sourceTree = "<group>";
		};
		B818D4242D40FB62009D9DA7 /* Storyboards */ = {
			isa = PBXGroup;
			children = (
				B8A6DC002D3E839200BFD894 /* Main.storyboard */,
			);
			path = Storyboards;
			sourceTree = "<group>";
		};
		B818D4252D40FB74009D9DA7 /* Viewcontrollers */ = {
			isa = PBXGroup;
			children = (
				B8A6DC0E2D3E83CB00BFD894 /* SettingsViewController.swift */,
				B83640FF2D3FAABA005D01BC /* ProfileViewController.swift */,
				B836412B2D3FFE48005D01BC /* CardsMangementViewController.swift */,
				B818D4602D410948009D9DA7 /* RequestNewCardController.swift */,
				B8B831842D43C51F00FC228C /* RequestAuthorizationViewController.swift */,
				B8B8318E2D43F00F00FC228C /* RequestSuccessViewController.swift */,
				B8B831902D43FDCE00FC228C /* DashboardViewController.swift */,
				B83E6DFD2D479A0700D2E4B4 /* TransferMoneyViewController.swift */,
			);
			path = Viewcontrollers;
			sourceTree = "<group>";
		};
		B818D4262D40FC26009D9DA7 /* xib Class */ = {
			isa = PBXGroup;
			children = (
				B836412D2D40009B005D01BC /* CardCell.swift */,
				B8A6DC1C2D3E8C1500BFD894 /* SettingsCell.swift */,
				B8A6DC1E2D3E8C6600BFD894 /* CustomHeaderView.swift */,
				B83641012D3FAAFD005D01BC /* ProfileTCell.swift */,
				B818D4622D410AF6009D9DA7 /* InstantAccountCell.swift */,
				B818D4662D411FDA009D9DA7 /* ButtonCell.swift */,
				B818D46E2D4122E8009D9DA7 /* TitleCell.swift */,
				B8B831862D43C65A00FC228C /* PinEntryCell.swift */,
				B8B8318A2D43C80E00FC228C /* NumberPadCell.swift */,
				B8B831922D43FE7600FC228C /* HeaderViewCell.swift */,
				B8B831962D43FFD100FC228C /* ExchangeRateCell.swift */,
				B8B8319E2D4402B900FC228C /* CardBalanceCell.swift */,
				B83E6DF52D477FA400D2E4B4 /* TransferCell.swift */,
				B83E6DF92D4797D700D2E4B4 /* RequestMoneyCell.swift */,
			);
			path = "xib Class";
			sourceTree = "<group>";
		};
		B8A6DBEE2D3E839200BFD894 = {
			isa = PBXGroup;
			children = (
				B8A6DBF92D3E839200BFD894 /* Sample */,
				B8A6DBF82D3E839200BFD894 /* Products */,
			);
			sourceTree = "<group>";
		};
		B8A6DBF82D3E839200BFD894 /* Products */ = {
			isa = PBXGroup;
			children = (
				B8A6DBF72D3E839200BFD894 /* Sample.app */,
			);
			name = Products;
			sourceTree = "<group>";
		};
		B8A6DBF92D3E839200BFD894 /* Sample */ = {
			isa = PBXGroup;
			children = (
				B8A6DBFA2D3E839200BFD894 /* AppDelegate.swift */,
				B8A6DBFC2D3E839200BFD894 /* SceneDelegate.swift */,
				B8A6DBFE2D3E839200BFD894 /* ViewController.swift */,
				B818D41F2D40CA58009D9DA7 /* Model */,
				B818D4212D40CA77009D9DA7 /* ViewModel */,
				B818D4202D40CA69009D9DA7 /* View */,
				B818D4222D40FB2A009D9DA7 /* Services */,
				B8A6DC032D3E839400BFD894 /* Assets.xcassets */,
				B8A6DC052D3E839400BFD894 /* LaunchScreen.storyboard */,
				B8A6DC082D3E839400BFD894 /* Info.plist */,
			);
			path = Sample;
			sourceTree = "<group>";
		};
/* End PBXGroup section */

/* Begin PBXNativeTarget section */
		B8A6DBF62D3E839200BFD894 /* Sample */ = {
			isa = PBXNativeTarget;
			buildConfigurationList = B8A6DC0B2D3E839400BFD894 /* Build configuration list for PBXNativeTarget "Sample" */;
			buildPhases = (
				B8A6DBF32D3E839200BFD894 /* Sources */,
				B8A6DBF42D3E839200BFD894 /* Frameworks */,
				B8A6DBF52D3E839200BFD894 /* Resources */,
			);
			buildRules = (
			);
			dependencies = (
			);
			name = Sample;
			productName = Sample;
			productReference = B8A6DBF72D3E839200BFD894 /* Sample.app */;
			productType = "com.apple.product-type.application";
		};
/* End PBXNativeTarget section */

/* Begin PBXProject section */
		B8A6DBEF2D3E839200BFD894 /* Project object */ = {
			isa = PBXProject;
			attributes = {
				BuildIndependentTargetsInParallel = 1;
				LastSwiftUpdateCheck = 1540;
				LastUpgradeCheck = 1540;
				TargetAttributes = {
					B8A6DBF62D3E839200BFD894 = {
						CreatedOnToolsVersion = 15.4;
					};
				};
			};
			buildConfigurationList = B8A6DBF22D3E839200BFD894 /* Build configuration list for PBXProject "Sample" */;
			compatibilityVersion = "Xcode 14.0";
			developmentRegion = en;
			hasScannedForEncodings = 0;
			knownRegions = (
				en,
				Base,
			);
			mainGroup = B8A6DBEE2D3E839200BFD894;
			productRefGroup = B8A6DBF82D3E839200BFD894 /* Products */;
			projectDirPath = "";
			projectRoot = "";
			targets = (
				B8A6DBF62D3E839200BFD894 /* Sample */,
			);
		};
/* End PBXProject section */

/* Begin PBXResourcesBuildPhase section */
		B8A6DBF52D3E839200BFD894 /* Resources */ = {
			isa = PBXResourcesBuildPhase;
			buildActionMask = 2147483647;
			files = (
				B8B8318D2D43C80E00FC228C /* NumberPadCell.xib in Resources */,
				B8A6DC192D3E8B8B00BFD894 /* CustomHeaderView.xib in Resources */,
				B8B831992D43FFD100FC228C /* ExchangeRateCell.xib in Resources */,
				B8B831A12D4402B900FC228C /* CardBalanceCell.xib in Resources */,
				B8A6DC042D3E839400BFD894 /* Assets.xcassets in Resources */,
				B83E6DFC2D4797D700D2E4B4 /* RequestMoneyCell.xib in Resources */,
				B8A6DC072D3E839400BFD894 /* Base in Resources */,
				B83E6DF72D477FA400D2E4B4 /* TransferCell.xib in Resources */,
				B83641302D40009B005D01BC /* CardCell.xib in Resources */,
				B8A6DC022D3E839200BFD894 /* Base in Resources */,
				B818D4652D410AF6009D9DA7 /* InstantAccountCell.xib in Resources */,
				B818D4692D411FDA009D9DA7 /* ButtonCell.xib in Resources */,
				B818D4712D4122E8009D9DA7 /* TitleCell.xib in Resources */,
				B8B831892D43C65A00FC228C /* PinEntryCell.xib in Resources */,
				B83641032D3FAAFD005D01BC /* ProfileTCell.xib in Resources */,
				B8B831952D43FE7600FC228C /* HeaderViewCell.xib in Resources */,
				B8A6DC172D3E87F100BFD894 /* SettingsCell.xib in Resources */,
			);
			runOnlyForDeploymentPostprocessing = 0;
		};
/* End PBXResourcesBuildPhase section */

/* Begin PBXSourcesBuildPhase section */
		B8A6DBF32D3E839200BFD894 /* Sources */ = {
			isa = PBXSourcesBuildPhase;
			buildActionMask = 2147483647;
			files = (
				B8B831912D43FDCE00FC228C /* DashboardViewController.swift in Sources */,
				B8A6DBFF2D3E839200BFD894 /* ViewController.swift in Sources */,
				B83E6DFB2D4797D700D2E4B4 /* RequestMoneyCell.swift in Sources */,
				B818D4682D411FDA009D9DA7 /* ButtonCell.swift in Sources */,
				B8B8318F2D43F00F00FC228C /* RequestSuccessViewController.swift in Sources */,
				B8A6DBFB2D3E839200BFD894 /* AppDelegate.swift in Sources */,
				B836412C2D3FFE48005D01BC /* CardsMangementViewController.swift in Sources */,
				B8B8318C2D43C80E00FC228C /* NumberPadCell.swift in Sources */,
				B8B831A02D4402B900FC228C /* CardBalanceCell.swift in Sources */,
				B83641042D3FAAFD005D01BC /* ProfileTCell.swift in Sources */,
				B8A6DBFD2D3E839200BFD894 /* SceneDelegate.swift in Sources */,
				B8B831882D43C65A00FC228C /* PinEntryCell.swift in Sources */,
				B83E6DFE2D479A0700D2E4B4 /* TransferMoneyViewController.swift in Sources */,
				B818D4612D410948009D9DA7 /* RequestNewCardController.swift in Sources */,
				B836412F2D40009B005D01BC /* CardCell.swift in Sources */,
				B8A6DC0F2D3E83CB00BFD894 /* SettingsViewController.swift in Sources */,
				B8B8319D2D44002000FC228C /* Model.swift in Sources */,
				B83641002D3FAABA005D01BC /* ProfileViewController.swift in Sources */,
				B818D4642D410AF6009D9DA7 /* InstantAccountCell.swift in Sources */,
				B8B831982D43FFD100FC228C /* ExchangeRateCell.swift in Sources */,
				B83E6DF82D477FA400D2E4B4 /* TransferCell.swift in Sources */,
				B8B831852D43C51F00FC228C /* RequestAuthorizationViewController.swift in Sources */,
				B818D4702D4122E8009D9DA7 /* TitleCell.swift in Sources */,
				B8A6DC1F2D3E8C6600BFD894 /* CustomHeaderView.swift in Sources */,
				B8A6DC1D2D3E8C1500BFD894 /* SettingsCell.swift in Sources */,
				B8B831942D43FE7600FC228C /* HeaderViewCell.swift in Sources */,
			);
			runOnlyForDeploymentPostprocessing = 0;
		};
/* End PBXSourcesBuildPhase section */

/* Begin PBXVariantGroup section */
		B8A6DC002D3E839200BFD894 /* Main.storyboard */ = {
			isa = PBXVariantGroup;
			children = (
				B8A6DC012D3E839200BFD894 /* Base */,
			);
			name = Main.storyboard;
			sourceTree = "<group>";
		};
		B8A6DC052D3E839400BFD894 /* LaunchScreen.storyboard */ = {
			isa = PBXVariantGroup;
			children = (
				B8A6DC062D3E839400BFD894 /* Base */,
			);
			name = LaunchScreen.storyboard;
			sourceTree = "<group>";
		};
/* End PBXVariantGroup section */

/* Begin XCBuildConfiguration section */
		B8A6DC092D3E839400BFD894 /* Debug */ = {
			isa = XCBuildConfiguration;
			buildSettings = {
				ALWAYS_SEARCH_USER_PATHS = NO;
				ASSETCATALOG_COMPILER_GENERATE_SWIFT_ASSET_SYMBOL_EXTENSIONS = YES;
				CLANG_ANALYZER_NONNULL = YES;
				CLANG_ANALYZER_NUMBER_OBJECT_CONVERSION = YES_AGGRESSIVE;
				CLANG_CXX_LANGUAGE_STANDARD = "gnu++20";
				CLANG_ENABLE_MODULES = YES;
				CLANG_ENABLE_OBJC_ARC = YES;
				CLANG_ENABLE_OBJC_WEAK = YES;
				CLANG_WARN_BLOCK_CAPTURE_AUTORELEASING = YES;
				CLANG_WARN_BOOL_CONVERSION = YES;
				CLANG_WARN_COMMA = YES;
				CLANG_WARN_CONSTANT_CONVERSION = YES;
				CLANG_WARN_DEPRECATED_OBJC_IMPLEMENTATIONS = YES;
				CLANG_WARN_DIRECT_OBJC_ISA_USAGE = YES_ERROR;
				CLANG_WARN_DOCUMENTATION_COMMENTS = YES;
				CLANG_WARN_EMPTY_BODY = YES;
				CLANG_WARN_ENUM_CONVERSION = YES;
				CLANG_WARN_INFINITE_RECURSION = YES;
				CLANG_WARN_INT_CONVERSION = YES;
				CLANG_WARN_NON_LITERAL_NULL_CONVERSION = YES;
				CLANG_WARN_OBJC_IMPLICIT_RETAIN_SELF = YES;
				CLANG_WARN_OBJC_LITERAL_CONVERSION = YES;
				CLANG_WARN_OBJC_ROOT_CLASS = YES_ERROR;
				CLANG_WARN_QUOTED_INCLUDE_IN_FRAMEWORK_HEADER = YES;
				CLANG_WARN_RANGE_LOOP_ANALYSIS = YES;
				CLANG_WARN_STRICT_PROTOTYPES = YES;
				CLANG_WARN_SUSPICIOUS_MOVE = YES;
				CLANG_WARN_UNGUARDED_AVAILABILITY = YES_AGGRESSIVE;
				CLANG_WARN_UNREACHABLE_CODE = YES;
				CLANG_WARN__DUPLICATE_METHOD_MATCH = YES;
				COPY_PHASE_STRIP = NO;
				DEBUG_INFORMATION_FORMAT = dwarf;
				ENABLE_STRICT_OBJC_MSGSEND = YES;
				ENABLE_TESTABILITY = YES;
				ENABLE_USER_SCRIPT_SANDBOXING = YES;
				GCC_C_LANGUAGE_STANDARD = gnu17;
				GCC_DYNAMIC_NO_PIC = NO;
				GCC_NO_COMMON_BLOCKS = YES;
				GCC_OPTIMIZATION_LEVEL = 0;
				GCC_PREPROCESSOR_DEFINITIONS = (
					"DEBUG=1",
					"$(inherited)",
				);
				GCC_WARN_64_TO_32_BIT_CONVERSION = YES;
				GCC_WARN_ABOUT_RETURN_TYPE = YES_ERROR;
				GCC_WARN_UNDECLARED_SELECTOR = YES;
				GCC_WARN_UNINITIALIZED_AUTOS = YES_AGGRESSIVE;
				GCC_WARN_UNUSED_FUNCTION = YES;
				GCC_WARN_UNUSED_VARIABLE = YES;
				IPHONEOS_DEPLOYMENT_TARGET = 17.5;
				LOCALIZATION_PREFERS_STRING_CATALOGS = YES;
				MTL_ENABLE_DEBUG_INFO = INCLUDE_SOURCE;
				MTL_FAST_MATH = YES;
				ONLY_ACTIVE_ARCH = YES;
				SDKROOT = iphoneos;
				SWIFT_ACTIVE_COMPILATION_CONDITIONS = "DEBUG $(inherited)";
				SWIFT_OPTIMIZATION_LEVEL = "-Onone";
			};
			name = Debug;
		};
		B8A6DC0A2D3E839400BFD894 /* Release */ = {
			isa = XCBuildConfiguration;
			buildSettings = {
				ALWAYS_SEARCH_USER_PATHS = NO;
				ASSETCATALOG_COMPILER_GENERATE_SWIFT_ASSET_SYMBOL_EXTENSIONS = YES;
				CLANG_ANALYZER_NONNULL = YES;
				CLANG_ANALYZER_NUMBER_OBJECT_CONVERSION = YES_AGGRESSIVE;
				CLANG_CXX_LANGUAGE_STANDARD = "gnu++20";
				CLANG_ENABLE_MODULES = YES;
				CLANG_ENABLE_OBJC_ARC = YES;
				CLANG_ENABLE_OBJC_WEAK = YES;
				CLANG_WARN_BLOCK_CAPTURE_AUTORELEASING = YES;
				CLANG_WARN_BOOL_CONVERSION = YES;
				CLANG_WARN_COMMA = YES;
				CLANG_WARN_CONSTANT_CONVERSION = YES;
				CLANG_WARN_DEPRECATED_OBJC_IMPLEMENTATIONS = YES;
				CLANG_WARN_DIRECT_OBJC_ISA_USAGE = YES_ERROR;
				CLANG_WARN_DOCUMENTATION_COMMENTS = YES;
				CLANG_WARN_EMPTY_BODY = YES;
				CLANG_WARN_ENUM_CONVERSION = YES;
				CLANG_WARN_INFINITE_RECURSION = YES;
				CLANG_WARN_INT_CONVERSION = YES;
				CLANG_WARN_NON_LITERAL_NULL_CONVERSION = YES;
				CLANG_WARN_OBJC_IMPLICIT_RETAIN_SELF = YES;
				CLANG_WARN_OBJC_LITERAL_CONVERSION = YES;
				CLANG_WARN_OBJC_ROOT_CLASS = YES_ERROR;
				CLANG_WARN_QUOTED_INCLUDE_IN_FRAMEWORK_HEADER = YES;
				CLANG_WARN_RANGE_LOOP_ANALYSIS = YES;
				CLANG_WARN_STRICT_PROTOTYPES = YES;
				CLANG_WARN_SUSPICIOUS_MOVE = YES;
				CLANG_WARN_UNGUARDED_AVAILABILITY = YES_AGGRESSIVE;
				CLANG_WARN_UNREACHABLE_CODE = YES;
				CLANG_WARN__DUPLICATE_METHOD_MATCH = YES;
				COPY_PHASE_STRIP = NO;
				DEBUG_INFORMATION_FORMAT = "dwarf-with-dsym";
				ENABLE_NS_ASSERTIONS = NO;
				ENABLE_STRICT_OBJC_MSGSEND = YES;
				ENABLE_USER_SCRIPT_SANDBOXING = YES;
				GCC_C_LANGUAGE_STANDARD = gnu17;
				GCC_NO_COMMON_BLOCKS = YES;
				GCC_WARN_64_TO_32_BIT_CONVERSION = YES;
				GCC_WARN_ABOUT_RETURN_TYPE = YES_ERROR;
				GCC_WARN_UNDECLARED_SELECTOR = YES;
				GCC_WARN_UNINITIALIZED_AUTOS = YES_AGGRESSIVE;
				GCC_WARN_UNUSED_FUNCTION = YES;
				GCC_WARN_UNUSED_VARIABLE = YES;
				IPHONEOS_DEPLOYMENT_TARGET = 17.5;
				LOCALIZATION_PREFERS_STRING_CATALOGS = YES;
				MTL_ENABLE_DEBUG_INFO = NO;
				MTL_FAST_MATH = YES;
				SDKROOT = iphoneos;
				SWIFT_COMPILATION_MODE = wholemodule;
				VALIDATE_PRODUCT = YES;
			};
			name = Release;
		};
		B8A6DC0C2D3E839400BFD894 /* Debug */ = {
			isa = XCBuildConfiguration;
			buildSettings = {
				ASSETCATALOG_COMPILER_APPICON_NAME = AppIcon;
				ASSETCATALOG_COMPILER_GLOBAL_ACCENT_COLOR_NAME = AccentColor;
				CODE_SIGN_STYLE = Automatic;
				CURRENT_PROJECT_VERSION = 1;
				DEVELOPMENT_TEAM = 9T234M6LMM;
				GENERATE_INFOPLIST_FILE = YES;
				INFOPLIST_FILE = Sample/Info.plist;
				INFOPLIST_KEY_UIApplicationSupportsIndirectInputEvents = YES;
				INFOPLIST_KEY_UILaunchStoryboardName = LaunchScreen;
				INFOPLIST_KEY_UIMainStoryboardFile = Main;
				INFOPLIST_KEY_UISupportedInterfaceOrientations_iPad = "UIInterfaceOrientationPortrait UIInterfaceOrientationPortraitUpsideDown UIInterfaceOrientationLandscapeLeft UIInterfaceOrientationLandscapeRight";
				INFOPLIST_KEY_UISupportedInterfaceOrientations_iPhone = "UIInterfaceOrientationPortrait UIInterfaceOrientationLandscapeLeft UIInterfaceOrientationLandscapeRight";
				IPHONEOS_DEPLOYMENT_TARGET = 15.0;
				LD_RUNPATH_SEARCH_PATHS = (
					"$(inherited)",
					"@executable_path/Frameworks",
				);
				MARKETING_VERSION = 1.0;
				PRODUCT_BUNDLE_IDENTIFIER = com.asianpaint.Sample;
				PRODUCT_NAME = "$(TARGET_NAME)";
				SWIFT_EMIT_LOC_STRINGS = YES;
				SWIFT_VERSION = 5.0;
				TARGETED_DEVICE_FAMILY = "1,2";
			};
			name = Debug;
		};
		B8A6DC0D2D3E839400BFD894 /* Release */ = {
			isa = XCBuildConfiguration;
			buildSettings = {
				ASSETCATALOG_COMPILER_APPICON_NAME = AppIcon;
				ASSETCATALOG_COMPILER_GLOBAL_ACCENT_COLOR_NAME = AccentColor;
				CODE_SIGN_STYLE = Automatic;
				CURRENT_PROJECT_VERSION = 1;
				DEVELOPMENT_TEAM = 9T234M6LMM;
				GENERATE_INFOPLIST_FILE = YES;
				INFOPLIST_FILE = Sample/Info.plist;
				INFOPLIST_KEY_UIApplicationSupportsIndirectInputEvents = YES;
				INFOPLIST_KEY_UILaunchStoryboardName = LaunchScreen;
				INFOPLIST_KEY_UIMainStoryboardFile = Main;
				INFOPLIST_KEY_UISupportedInterfaceOrientations_iPad = "UIInterfaceOrientationPortrait UIInterfaceOrientationPortraitUpsideDown UIInterfaceOrientationLandscapeLeft UIInterfaceOrientationLandscapeRight";
				INFOPLIST_KEY_UISupportedInterfaceOrientations_iPhone = "UIInterfaceOrientationPortrait UIInterfaceOrientationLandscapeLeft UIInterfaceOrientationLandscapeRight";
				IPHONEOS_DEPLOYMENT_TARGET = 15.0;
				LD_RUNPATH_SEARCH_PATHS = (
					"$(inherited)",
					"@executable_path/Frameworks",
				);
				MARKETING_VERSION = 1.0;
				PRODUCT_BUNDLE_IDENTIFIER = com.asianpaint.Sample;
				PRODUCT_NAME = "$(TARGET_NAME)";
				SWIFT_EMIT_LOC_STRINGS = YES;
				SWIFT_VERSION = 5.0;
				TARGETED_DEVICE_FAMILY = "1,2";
			};
			name = Release;
		};
/* End XCBuildConfiguration section */

/* Begin XCConfigurationList section */
		B8A6DBF22D3E839200BFD894 /* Build configuration list for PBXProject "Sample" */ = {
			isa = XCConfigurationList;
			buildConfigurations = (
				B8A6DC092D3E839400BFD894 /* Debug */,
				B8A6DC0A2D3E839400BFD894 /* Release */,
			);
			defaultConfigurationIsVisible = 0;
			defaultConfigurationName = Release;
		};
		B8A6DC0B2D3E839400BFD894 /* Build configuration list for PBXNativeTarget "Sample" */ = {
			isa = XCConfigurationList;
			buildConfigurations = (
				B8A6DC0C2D3E839400BFD894 /* Debug */,
				B8A6DC0D2D3E839400BFD894 /* Release */,
			);
			defaultConfigurationIsVisible = 0;
			defaultConfigurationName = Release;
		};
/* End XCConfigurationList section */
	};
	rootObject = B8A6DBEF2D3E839200BFD894 /* Project object */;
}
